
Microsoft Visual Studio Solution File, Format Version 12.00
# Visual Studio Version 16
VisualStudioVersion = 16.0.28917.181
MinimumVisualStudioVersion = 10.0.40219.1
Project("{FAE04EC0-301F-11D3-BF4B-00C04F79EFBC}") = "Mod2_Lab4", "Mod2_Lab4\Mod2_Lab4.csproj", "{4FD60E4C-51E9-4BE5-B5F6-4B94FCFCADA9}"
EndProject
Global
	GlobalSection(SolutionConfigurationPlatforms) = preSolution
		Debug|Any CPU = Debug|Any CPU
		Release|Any CPU = Release|Any CPU
	EndGlobalSection
	GlobalSection(ProjectConfigurationPlatforms) = postSolution
		{4FD60E4C-51E9-4BE5-B5F6-4B94FCFCADA9}.Debug|Any CPU.ActiveCfg = Debug|Any CPU
		{4FD60E4C-51E9-4BE5-B5F6-4B94FCFCADA9}.Debug|Any CPU.Build.0 = Debug|Any CPU
		{4FD60E4C-51E9-4BE5-B5F6-4B94FCFCADA9}.Release|Any CPU.ActiveCfg = Release|Any CPU
		{4FD60E4C-51E9-4BE5-B5F6-4B94FCFCADA9}.Release|Any CPU.Build.0 = Release|Any CPU
	EndGlobalSection
	GlobalSection(SolutionProperties) = preSolution
		HideSolutionNode = FALSE
	EndGlobalSection
	GlobalSection(ExtensibilityGlobals) = postSolution
		SolutionGuid = {82453B3E-98CA-47D7-A0DD-3148EC6F3683}
	EndGlobalSection
EndGlobal
