
Microsoft Visual Studio Solution File, Format Version 12.00
# Visual Studio Version 16
VisualStudioVersion = 16.0.28917.181
MinimumVisualStudioVersion = 10.0.40219.1
Project("{FAE04EC0-301F-11D3-BF4B-00C04F79EFBC}") = "Mod2_Lab3", "Mod2_Lab3\Mod2_Lab3.csproj", "{31E190A4-1CF8-450A-BD7D-D72CCF4C92AA}"
EndProject
Global
	GlobalSection(SolutionConfigurationPlatforms) = preSolution
		Debug|Any CPU = Debug|Any CPU
		Release|Any CPU = Release|Any CPU
	EndGlobalSection
	GlobalSection(ProjectConfigurationPlatforms) = postSolution
		{31E190A4-1CF8-450A-BD7D-D72CCF4C92AA}.Debug|Any CPU.ActiveCfg = Debug|Any CPU
		{31E190A4-1CF8-450A-BD7D-D72CCF4C92AA}.Debug|Any CPU.Build.0 = Debug|Any CPU
		{31E190A4-1CF8-450A-BD7D-D72CCF4C92AA}.Release|Any CPU.ActiveCfg = Release|Any CPU
		{31E190A4-1CF8-450A-BD7D-D72CCF4C92AA}.Release|Any CPU.Build.0 = Release|Any CPU
	EndGlobalSection
	GlobalSection(SolutionProperties) = preSolution
		HideSolutionNode = FALSE
	EndGlobalSection
	GlobalSection(ExtensibilityGlobals) = postSolution
		SolutionGuid = {7D07C4AD-24DC-463D-ABC2-EF72B8AD1F00}
	EndGlobalSection
EndGlobal
