
Microsoft Visual Studio Solution File, Format Version 12.00
# Visual Studio Version 16
VisualStudioVersion = 16.0.28917.181
MinimumVisualStudioVersion = 10.0.40219.1
Project("{FAE04EC0-301F-11D3-BF4B-00C04F79EFBC}") = "Mod3_Lab1", "Mod3_Lab1\Mod3_Lab1.csproj", "{1B6F5352-F782-43A1-BE48-800943A4E8CD}"
EndProject
Global
	GlobalSection(SolutionConfigurationPlatforms) = preSolution
		Debug|Any CPU = Debug|Any CPU
		Release|Any CPU = Release|Any CPU
	EndGlobalSection
	GlobalSection(ProjectConfigurationPlatforms) = postSolution
		{1B6F5352-F782-43A1-BE48-800943A4E8CD}.Debug|Any CPU.ActiveCfg = Debug|Any CPU
		{1B6F5352-F782-43A1-BE48-800943A4E8CD}.Debug|Any CPU.Build.0 = Debug|Any CPU
		{1B6F5352-F782-43A1-BE48-800943A4E8CD}.Release|Any CPU.ActiveCfg = Release|Any CPU
		{1B6F5352-F782-43A1-BE48-800943A4E8CD}.Release|Any CPU.Build.0 = Release|Any CPU
	EndGlobalSection
	GlobalSection(SolutionProperties) = preSolution
		HideSolutionNode = FALSE
	EndGlobalSection
	GlobalSection(ExtensibilityGlobals) = postSolution
		SolutionGuid = {44A5424B-992E-4BC3-874E-F6FFE957CD55}
	EndGlobalSection
EndGlobal
